
Microsoft Visual Studio Solution File, Format Version 12.00
# Visual Studio 14
VisualStudioVersion = 14.0.23107.0
MinimumVisualStudioVersion = 10.0.40219.1
Project("{FAE04EC0-301F-11D3-BF4B-00C04F79EFBC}") = "Core", "Core\Core.csproj", "{F12D1833-9648-4BFB-BBBF-DFB6409F37D7}"
EndProject
Project("{FAE04EC0-301F-11D3-BF4B-00C04F79EFBC}") = "Core.Tests", "Core.Tests\Core.Tests.csproj", "{44EA465E-017A-4AA4-A15D-81A0B2E0D405}"
EndProject
Project("{FAE04EC0-301F-11D3-BF4B-00C04F79EFBC}") = "LongRunning", "LongRunning\LongRunning.csproj", "{0C08D3FC-1ABD-4018-917F-62065AB9543C}"
EndProject
Project("{FAE04EC0-301F-11D3-BF4B-00C04F79EFBC}") = "HostApplication", "HostApplication\HostApplication.csproj", "{3D3D2C6E-9136-47DB-B8A9-8D0C2F85A50E}"
EndProject
Project("{FAE04EC0-301F-11D3-BF4B-00C04F79EFBC}") = "HostIsolated", "HostIsolated\HostIsolated.csproj", "{226F2513-D09B-4958-940D-C64E31BEC767}"
EndProject
Project("{FAE04EC0-301F-11D3-BF4B-00C04F79EFBC}") = "EchoPlugin", "EchoPlugin\EchoPlugin.csproj", "{637D7C3E-3AAC-4299-8E7D-FDC09F4BEB5F}"
EndProject
Global
	GlobalSection(SolutionConfigurationPlatforms) = preSolution
		Debug|Any CPU = Debug|Any CPU
		Release|Any CPU = Release|Any CPU
	EndGlobalSection
	GlobalSection(ProjectConfigurationPlatforms) = postSolution
		{F12D1833-9648-4BFB-BBBF-DFB6409F37D7}.Debug|Any CPU.ActiveCfg = Debug|Any CPU
		{F12D1833-9648-4BFB-BBBF-DFB6409F37D7}.Debug|Any CPU.Build.0 = Debug|Any CPU
		{F12D1833-9648-4BFB-BBBF-DFB6409F37D7}.Release|Any CPU.ActiveCfg = Release|Any CPU
		{F12D1833-9648-4BFB-BBBF-DFB6409F37D7}.Release|Any CPU.Build.0 = Release|Any CPU
		{44EA465E-017A-4AA4-A15D-81A0B2E0D405}.Debug|Any CPU.ActiveCfg = Debug|Any CPU
		{44EA465E-017A-4AA4-A15D-81A0B2E0D405}.Debug|Any CPU.Build.0 = Debug|Any CPU
		{44EA465E-017A-4AA4-A15D-81A0B2E0D405}.Release|Any CPU.ActiveCfg = Release|Any CPU
		{44EA465E-017A-4AA4-A15D-81A0B2E0D405}.Release|Any CPU.Build.0 = Release|Any CPU
		{0C08D3FC-1ABD-4018-917F-62065AB9543C}.Debug|Any CPU.ActiveCfg = Debug|Any CPU
		{0C08D3FC-1ABD-4018-917F-62065AB9543C}.Debug|Any CPU.Build.0 = Debug|Any CPU
		{0C08D3FC-1ABD-4018-917F-62065AB9543C}.Release|Any CPU.ActiveCfg = Release|Any CPU
		{0C08D3FC-1ABD-4018-917F-62065AB9543C}.Release|Any CPU.Build.0 = Release|Any CPU
		{3D3D2C6E-9136-47DB-B8A9-8D0C2F85A50E}.Debug|Any CPU.ActiveCfg = Debug|Any CPU
		{3D3D2C6E-9136-47DB-B8A9-8D0C2F85A50E}.Debug|Any CPU.Build.0 = Debug|Any CPU
		{3D3D2C6E-9136-47DB-B8A9-8D0C2F85A50E}.Release|Any CPU.ActiveCfg = Release|Any CPU
		{3D3D2C6E-9136-47DB-B8A9-8D0C2F85A50E}.Release|Any CPU.Build.0 = Release|Any CPU
		{226F2513-D09B-4958-940D-C64E31BEC767}.Debug|Any CPU.ActiveCfg = Debug|Any CPU
		{226F2513-D09B-4958-940D-C64E31BEC767}.Debug|Any CPU.Build.0 = Debug|Any CPU
		{226F2513-D09B-4958-940D-C64E31BEC767}.Release|Any CPU.ActiveCfg = Release|Any CPU
		{226F2513-D09B-4958-940D-C64E31BEC767}.Release|Any CPU.Build.0 = Release|Any CPU
		{637D7C3E-3AAC-4299-8E7D-FDC09F4BEB5F}.Debug|Any CPU.ActiveCfg = Debug|Any CPU
		{637D7C3E-3AAC-4299-8E7D-FDC09F4BEB5F}.Debug|Any CPU.Build.0 = Debug|Any CPU
		{637D7C3E-3AAC-4299-8E7D-FDC09F4BEB5F}.Release|Any CPU.ActiveCfg = Release|Any CPU
		{637D7C3E-3AAC-4299-8E7D-FDC09F4BEB5F}.Release|Any CPU.Build.0 = Release|Any CPU
	EndGlobalSection
	GlobalSection(SolutionProperties) = preSolution
		HideSolutionNode = FALSE
	EndGlobalSection
EndGlobal
